// !$*UTF8*$!
{
	archiveVersion = 1;
	classes = {
	};
	objectVersion = 50;
	objects = {

/* Begin PBXBuildFile section */
		0A6CBD3F2326DB1300E8DC51 /* AppDelegate.swift in Sources */ = {isa = PBXBuildFile; fileRef = 0A6CBD3E2326DB1300E8DC51 /* AppDelegate.swift */; };
		0A6CBD412326DB1300E8DC51 /* CountriesViewController.swift in Sources */ = {isa = PBXBuildFile; fileRef = 0A6CBD402326DB1300E8DC51 /* CountriesViewController.swift */; };
		0A6CBD442326DB1300E8DC51 /* Main.storyboard in Resources */ = {isa = PBXBuildFile; fileRef = 0A6CBD422326DB1300E8DC51 /* Main.storyboard */; };
		0A6CBD462326DB1700E8DC51 /* Assets.xcassets in Resources */ = {isa = PBXBuildFile; fileRef = 0A6CBD452326DB1700E8DC51 /* Assets.xcassets */; };
		0A6CBD492326DB1700E8DC51 /* LaunchScreen.storyboard in Resources */ = {isa = PBXBuildFile; fileRef = 0A6CBD472326DB1700E8DC51 /* LaunchScreen.storyboard */; };
		0A9015E22326E67900217CCA /* UIView+AutoLayout.swift in Sources */ = {isa = PBXBuildFile; fileRef = 0A9015E12326E67900217CCA /* UIView+AutoLayout.swift */; };
		0A9015E42326F23700217CCA /* CountryCell.swift in Sources */ = {isa = PBXBuildFile; fileRef = 0A9015E32326F23700217CCA /* CountryCell.swift */; };
		0A9015E72326F7A000217CCA /* Service.swift in Sources */ = {isa = PBXBuildFile; fileRef = 0A9015E62326F7A000217CCA /* Service.swift */; };
		0A9015E923281E2600217CCA /* Country.swift in Sources */ = {isa = PBXBuildFile; fileRef = 0A9015E823281E2600217CCA /* Country.swift */; };
		0A9015EB2328399E00217CCA /* CountryDetailsViewController.swift in Sources */ = {isa = PBXBuildFile; fileRef = 0A9015EA2328399E00217CCA /* CountryDetailsViewController.swift */; };
/* End PBXBuildFile section */

/* Begin PBXFileReference section */
		0A6CBD3B2326DB1300E8DC51 /* MindBodyHW.app */ = {isa = PBXFileReference; explicitFileType = wrapper.application; includeInIndex = 0; path = MindBodyHW.app; sourceTree = BUILT_PRODUCTS_DIR; };
		0A6CBD3E2326DB1300E8DC51 /* AppDelegate.swift */ = {isa = PBXFileReference; lastKnownFileType = sourcecode.swift; path = AppDelegate.swift; sourceTree = "<group>"; };
		0A6CBD402326DB1300E8DC51 /* CountriesViewController.swift */ = {isa = PBXFileReference; lastKnownFileType = sourcecode.swift; path = CountriesViewController.swift; sourceTree = "<group>"; };
		0A6CBD432326DB1300E8DC51 /* Base */ = {isa = PBXFileReference; lastKnownFileType = file.storyboard; name = Base; path = Base.lproj/Main.storyboard; sourceTree = "<group>"; };
		0A6CBD452326DB1700E8DC51 /* Assets.xcassets */ = {isa = PBXFileReference; lastKnownFileType = folder.assetcatalog; path = Assets.xcassets; sourceTree = "<group>"; };
		0A6CBD482326DB1700E8DC51 /* Base */ = {isa = PBXFileReference; lastKnownFileType = file.storyboard; name = Base; path = Base.lproj/LaunchScreen.storyboard; sourceTree = "<group>"; };
		0A6CBD4A2326DB1700E8DC51 /* Info.plist */ = {isa = PBXFileReference; lastKnownFileType = text.plist.xml; path = Info.plist; sourceTree = "<group>"; };
		0A9015E12326E67900217CCA /* UIView+AutoLayout.swift */ = {isa = PBXFileReference; lastKnownFileType = sourcecode.swift; path = "UIView+AutoLayout.swift"; sourceTree = "<group>"; };
		0A9015E32326F23700217CCA /* CountryCell.swift */ = {isa = PBXFileReference; lastKnownFileType = sourcecode.swift; path = CountryCell.swift; sourceTree = "<group>"; };
		0A9015E62326F7A000217CCA /* Service.swift */ = {isa = PBXFileReference; lastKnownFileType = sourcecode.swift; path = Service.swift; sourceTree = "<group>"; };
		0A9015E823281E2600217CCA /* Country.swift */ = {isa = PBXFileReference; lastKnownFileType = sourcecode.swift; path = Country.swift; sourceTree = "<group>"; };
		0A9015EA2328399E00217CCA /* CountryDetailsViewController.swift */ = {isa = PBXFileReference; lastKnownFileType = sourcecode.swift; path = CountryDetailsViewController.swift; sourceTree = "<group>"; };
/* End PBXFileReference section */

/* Begin PBXFrameworksBuildPhase section */
		0A6CBD382326DB1300E8DC51 /* Frameworks */ = {
			isa = PBXFrameworksBuildPhase;
			buildActionMask = 2147483647;
			files = (
			);
			runOnlyForDeploymentPostprocessing = 0;
		};
/* End PBXFrameworksBuildPhase section */

/* Begin PBXGroup section */
		0A6CBD322326DB1300E8DC51 = {
			isa = PBXGroup;
			children = (
				0A6CBD3D2326DB1300E8DC51 /* MindBodyHW */,
				0A6CBD3C2326DB1300E8DC51 /* Products */,
			);
			sourceTree = "<group>";
		};
		0A6CBD3C2326DB1300E8DC51 /* Products */ = {
			isa = PBXGroup;
			children = (
				0A6CBD3B2326DB1300E8DC51 /* MindBodyHW.app */,
			);
			name = Products;
			sourceTree = "<group>";
		};
		0A6CBD3D2326DB1300E8DC51 /* MindBodyHW */ = {
			isa = PBXGroup;
			children = (
				0A9015E52326F78800217CCA /* Service */,
				0A9015E02326E61E00217CCA /* Helpers */,
				0A9015DD2326DE4F00217CCA /* Controller */,
				0A9015DC2326DE4A00217CCA /* View */,
				0A9015DB2326DE3600217CCA /* Model */,
				0A6CBD3E2326DB1300E8DC51 /* AppDelegate.swift */,
				0A6CBD422326DB1300E8DC51 /* Main.storyboard */,
				0A6CBD452326DB1700E8DC51 /* Assets.xcassets */,
				0A6CBD472326DB1700E8DC51 /* LaunchScreen.storyboard */,
				0A6CBD4A2326DB1700E8DC51 /* Info.plist */,
			);
			path = MindBodyHW;
			sourceTree = "<group>";
		};
		0A9015DB2326DE3600217CCA /* Model */ = {
			isa = PBXGroup;
			children = (
				0A9015E823281E2600217CCA /* Country.swift */,
			);
			path = Model;
			sourceTree = "<group>";
		};
		0A9015DC2326DE4A00217CCA /* View */ = {
			isa = PBXGroup;
			children = (
				0A9015E32326F23700217CCA /* CountryCell.swift */,
			);
			path = View;
			sourceTree = "<group>";
		};
		0A9015DD2326DE4F00217CCA /* Controller */ = {
			isa = PBXGroup;
			children = (
				0A6CBD402326DB1300E8DC51 /* CountriesViewController.swift */,
				0A9015EA2328399E00217CCA /* CountryDetailsViewController.swift */,
			);
			path = Controller;
			sourceTree = "<group>";
		};
		0A9015E02326E61E00217CCA /* Helpers */ = {
			isa = PBXGroup;
			children = (
				0A9015E12326E67900217CCA /* UIView+AutoLayout.swift */,
			);
			path = Helpers;
			sourceTree = "<group>";
		};
		0A9015E52326F78800217CCA /* Service */ = {
			isa = PBXGroup;
			children = (
				0A9015E62326F7A000217CCA /* Service.swift */,
			);
			path = Service;
			sourceTree = "<group>";
		};
/* End PBXGroup section */

/* Begin PBXNativeTarget section */
		0A6CBD3A2326DB1300E8DC51 /* MindBodyHW */ = {
			isa = PBXNativeTarget;
			buildConfigurationList = 0A6CBD4D2326DB1700E8DC51 /* Build configuration list for PBXNativeTarget "MindBodyHW" */;
			buildPhases = (
				0A6CBD372326DB1300E8DC51 /* Sources */,
				0A6CBD382326DB1300E8DC51 /* Frameworks */,
				0A6CBD392326DB1300E8DC51 /* Resources */,
			);
			buildRules = (
			);
			dependencies = (
			);
			name = MindBodyHW;
			productName = MindBodyHW;
			productReference = 0A6CBD3B2326DB1300E8DC51 /* MindBodyHW.app */;
			productType = "com.apple.product-type.application";
		};
/* End PBXNativeTarget section */

/* Begin PBXProject section */
		0A6CBD332326DB1300E8DC51 /* Project object */ = {
			isa = PBXProject;
			attributes = {
				LastSwiftUpdateCheck = 1030;
				LastUpgradeCheck = 1030;
				ORGANIZATIONNAME = gdelvillar;
				TargetAttributes = {
					0A6CBD3A2326DB1300E8DC51 = {
						CreatedOnToolsVersion = 10.3;
					};
				};
			};
			buildConfigurationList = 0A6CBD362326DB1300E8DC51 /* Build configuration list for PBXProject "MindBodyHW" */;
			compatibilityVersion = "Xcode 9.3";
			developmentRegion = en;
			hasScannedForEncodings = 0;
			knownRegions = (
				en,
				Base,
			);
			mainGroup = 0A6CBD322326DB1300E8DC51;
			productRefGroup = 0A6CBD3C2326DB1300E8DC51 /* Products */;
			projectDirPath = "";
			projectRoot = "";
			targets = (
				0A6CBD3A2326DB1300E8DC51 /* MindBodyHW */,
			);
		};
/* End PBXProject section */

/* Begin PBXResourcesBuildPhase section */
		0A6CBD392326DB1300E8DC51 /* Resources */ = {
			isa = PBXResourcesBuildPhase;
			buildActionMask = 2147483647;
			files = (
				0A6CBD492326DB1700E8DC51 /* LaunchScreen.storyboard in Resources */,
				0A6CBD462326DB1700E8DC51 /* Assets.xcassets in Resources */,
				0A6CBD442326DB1300E8DC51 /* Main.storyboard in Resources */,
			);
			runOnlyForDeploymentPostprocessing = 0;
		};
/* End PBXResourcesBuildPhase section */

/* Begin PBXSourcesBuildPhase section */
		0A6CBD372326DB1300E8DC51 /* Sources */ = {
			isa = PBXSourcesBuildPhase;
			buildActionMask = 2147483647;
			files = (
				0A9015E42326F23700217CCA /* CountryCell.swift in Sources */,
				0A9015EB2328399E00217CCA /* CountryDetailsViewController.swift in Sources */,
				0A6CBD412326DB1300E8DC51 /* CountriesViewController.swift in Sources */,
				0A9015E72326F7A000217CCA /* Service.swift in Sources */,
				0A9015E22326E67900217CCA /* UIView+AutoLayout.swift in Sources */,
				0A9015E923281E2600217CCA /* Country.swift in Sources */,
				0A6CBD3F2326DB1300E8DC51 /* AppDelegate.swift in Sources */,
			);
			runOnlyForDeploymentPostprocessing = 0;
		};
/* End PBXSourcesBuildPhase section */

/* Begin PBXVariantGroup section */
		0A6CBD422326DB1300E8DC51 /* Main.storyboard */ = {
			isa = PBXVariantGroup;
			children = (
				0A6CBD432326DB1300E8DC51 /* Base */,
			);
			name = Main.storyboard;
			sourceTree = "<group>";
		};
		0A6CBD472326DB1700E8DC51 /* LaunchScreen.storyboard */ = {
			isa = PBXVariantGroup;
			children = (
				0A6CBD482326DB1700E8DC51 /* Base */,
			);
			name = LaunchScreen.storyboard;
			sourceTree = "<group>";
		};
/* End PBXVariantGroup section */

/* Begin XCBuildConfiguration section */
		0A6CBD4B2326DB1700E8DC51 /* Debug */ = {
			isa = XCBuildConfiguration;
			buildSettings = {
				ALWAYS_SEARCH_USER_PATHS = NO;
				CLANG_ANALYZER_NONNULL = YES;
				CLANG_ANALYZER_NUMBER_OBJECT_CONVERSION = YES_AGGRESSIVE;
				CLANG_CXX_LANGUAGE_STANDARD = "gnu++14";
				CLANG_CXX_LIBRARY = "libc++";
				CLANG_ENABLE_MODULES = YES;
				CLANG_ENABLE_OBJC_ARC = YES;
				CLANG_ENABLE_OBJC_WEAK = YES;
				CLANG_WARN_BLOCK_CAPTURE_AUTORELEASING = YES;
				CLANG_WARN_BOOL_CONVERSION = YES;
				CLANG_WARN_COMMA = YES;
				CLANG_WARN_CONSTANT_CONVERSION = YES;
				CLANG_WARN_DEPRECATED_OBJC_IMPLEMENTATIONS = YES;
				CLANG_WARN_DIRECT_OBJC_ISA_USAGE = YES_ERROR;
				CLANG_WARN_DOCUMENTATION_COMMENTS = YES;
				CLANG_WARN_EMPTY_BODY = YES;
				CLANG_WARN_ENUM_CONVERSION = YES;
				CLANG_WARN_INFINITE_RECURSION = YES;
				CLANG_WARN_INT_CONVERSION = YES;
				CLANG_WARN_NON_LITERAL_NULL_CONVERSION = YES;
				CLANG_WARN_OBJC_IMPLICIT_RETAIN_SELF = YES;
				CLANG_WARN_OBJC_LITERAL_CONVERSION = YES;
				CLANG_WARN_OBJC_ROOT_CLASS = YES_ERROR;
				CLANG_WARN_RANGE_LOOP_ANALYSIS = YES;
				CLANG_WARN_STRICT_PROTOTYPES = YES;
				CLANG_WARN_SUSPICIOUS_MOVE = YES;
				CLANG_WARN_UNGUARDED_AVAILABILITY = YES_AGGRESSIVE;
				CLANG_WARN_UNREACHABLE_CODE = YES;
				CLANG_WARN__DUPLICATE_METHOD_MATCH = YES;
				CODE_SIGN_IDENTITY = "iPhone Developer";
				COPY_PHASE_STRIP = NO;
				DEBUG_INFORMATION_FORMAT = dwarf;
				ENABLE_STRICT_OBJC_MSGSEND = YES;
				ENABLE_TESTABILITY = YES;
				GCC_C_LANGUAGE_STANDARD = gnu11;
				GCC_DYNAMIC_NO_PIC = NO;
				GCC_NO_COMMON_BLOCKS = YES;
				GCC_OPTIMIZATION_LEVEL = 0;
				GCC_PREPROCESSOR_DEFINITIONS = (
					"DEBUG=1",
					"$(inherited)",
				);
				GCC_WARN_64_TO_32_BIT_CONVERSION = YES;
				GCC_WARN_ABOUT_RETURN_TYPE = YES_ERROR;
				GCC_WARN_UNDECLARED_SELECTOR = YES;
				GCC_WARN_UNINITIALIZED_AUTOS = YES_AGGRESSIVE;
				GCC_WARN_UNUSED_FUNCTION = YES;
				GCC_WARN_UNUSED_VARIABLE = YES;
				IPHONEOS_DEPLOYMENT_TARGET = 12.4;
				MTL_ENABLE_DEBUG_INFO = INCLUDE_SOURCE;
				MTL_FAST_MATH = YES;
				ONLY_ACTIVE_ARCH = YES;
				SDKROOT = iphoneos;
				SWIFT_ACTIVE_COMPILATION_CONDITIONS = DEBUG;
				SWIFT_OPTIMIZATION_LEVEL = "-Onone";
			};
			name = Debug;
		};
		0A6CBD4C2326DB1700E8DC51 /* Release */ = {
			isa = XCBuildConfiguration;
			buildSettings = {
				ALWAYS_SEARCH_USER_PATHS = NO;
				CLANG_ANALYZER_NONNULL = YES;
				CLANG_ANALYZER_NUMBER_OBJECT_CONVERSION = YES_AGGRESSIVE;
				CLANG_CXX_LANGUAGE_STANDARD = "gnu++14";
				CLANG_CXX_LIBRARY = "libc++";
				CLANG_ENABLE_MODULES = YES;
				CLANG_ENABLE_OBJC_ARC = YES;
				CLANG_ENABLE_OBJC_WEAK = YES;
				CLANG_WARN_BLOCK_CAPTURE_AUTORELEASING = YES;
				CLANG_WARN_BOOL_CONVERSION = YES;
				CLANG_WARN_COMMA = YES;
				CLANG_WARN_CONSTANT_CONVERSION = YES;
				CLANG_WARN_DEPRECATED_OBJC_IMPLEMENTATIONS = YES;
				CLANG_WARN_DIRECT_OBJC_ISA_USAGE = YES_ERROR;
				CLANG_WARN_DOCUMENTATION_COMMENTS = YES;
				CLANG_WARN_EMPTY_BODY = YES;
				CLANG_WARN_ENUM_CONVERSION = YES;
				CLANG_WARN_INFINITE_RECURSION = YES;
				CLANG_WARN_INT_CONVERSION = YES;
				CLANG_WARN_NON_LITERAL_NULL_CONVERSION = YES;
				CLANG_WARN_OBJC_IMPLICIT_RETAIN_SELF = YES;
				CLANG_WARN_OBJC_LITERAL_CONVERSION = YES;
				CLANG_WARN_OBJC_ROOT_CLASS = YES_ERROR;
				CLANG_WARN_RANGE_LOOP_ANALYSIS = YES;
				CLANG_WARN_STRICT_PROTOTYPES = YES;
				CLANG_WARN_SUSPICIOUS_MOVE = YES;
				CLANG_WARN_UNGUARDED_AVAILABILITY = YES_AGGRESSIVE;
				CLANG_WARN_UNREACHABLE_CODE = YES;
				CLANG_WARN__DUPLICATE_METHOD_MATCH = YES;
				CODE_SIGN_IDENTITY = "iPhone Developer";
				COPY_PHASE_STRIP = NO;
				DEBUG_INFORMATION_FORMAT = "dwarf-with-dsym";
				ENABLE_NS_ASSERTIONS = NO;
				ENABLE_STRICT_OBJC_MSGSEND = YES;
				GCC_C_LANGUAGE_STANDARD = gnu11;
				GCC_NO_COMMON_BLOCKS = YES;
				GCC_WARN_64_TO_32_BIT_CONVERSION = YES;
				GCC_WARN_ABOUT_RETURN_TYPE = YES_ERROR;
				GCC_WARN_UNDECLARED_SELECTOR = YES;
				GCC_WARN_UNINITIALIZED_AUTOS = YES_AGGRESSIVE;
				GCC_WARN_UNUSED_FUNCTION = YES;
				GCC_WARN_UNUSED_VARIABLE = YES;
				IPHONEOS_DEPLOYMENT_TARGET = 12.4;
				MTL_ENABLE_DEBUG_INFO = NO;
				MTL_FAST_MATH = YES;
				SDKROOT = iphoneos;
				SWIFT_COMPILATION_MODE = wholemodule;
				SWIFT_OPTIMIZATION_LEVEL = "-O";
				VALIDATE_PRODUCT = YES;
			};
			name = Release;
		};
		0A6CBD4E2326DB1700E8DC51 /* Debug */ = {
			isa = XCBuildConfiguration;
			buildSettings = {
				ASSETCATALOG_COMPILER_APPICON_NAME = AppIcon;
				CODE_SIGN_STYLE = Automatic;
				DEVELOPMENT_TEAM = 4FKLLT47U3;
				INFOPLIST_FILE = MindBodyHW/Info.plist;
				LD_RUNPATH_SEARCH_PATHS = (
					"$(inherited)",
					"@executable_path/Frameworks",
				);
				PRODUCT_BUNDLE_IDENTIFIER = com.gdelvillar.MindBodyHW;
				PRODUCT_NAME = "$(TARGET_NAME)";
				SWIFT_VERSION = 5.0;
				TARGETED_DEVICE_FAMILY = "1,2";
			};
			name = Debug;
		};
		0A6CBD4F2326DB1700E8DC51 /* Release */ = {
			isa = XCBuildConfiguration;
			buildSettings = {
				ASSETCATALOG_COMPILER_APPICON_NAME = AppIcon;
				CODE_SIGN_STYLE = Automatic;
				DEVELOPMENT_TEAM = 4FKLLT47U3;
				INFOPLIST_FILE = MindBodyHW/Info.plist;
				LD_RUNPATH_SEARCH_PATHS = (
					"$(inherited)",
					"@executable_path/Frameworks",
				);
				PRODUCT_BUNDLE_IDENTIFIER = com.gdelvillar.MindBodyHW;
				PRODUCT_NAME = "$(TARGET_NAME)";
				SWIFT_VERSION = 5.0;
				TARGETED_DEVICE_FAMILY = "1,2";
			};
			name = Release;
		};
/* End XCBuildConfiguration section */

/* Begin XCConfigurationList section */
		0A6CBD362326DB1300E8DC51 /* Build configuration list for PBXProject "MindBodyHW" */ = {
			isa = XCConfigurationList;
			buildConfigurations = (
				0A6CBD4B2326DB1700E8DC51 /* Debug */,
				0A6CBD4C2326DB1700E8DC51 /* Release */,
			);
			defaultConfigurationIsVisible = 0;
			defaultConfigurationName = Release;
		};
		0A6CBD4D2326DB1700E8DC51 /* Build configuration list for PBXNativeTarget "MindBodyHW" */ = {
			isa = XCConfigurationList;
			buildConfigurations = (
				0A6CBD4E2326DB1700E8DC51 /* Debug */,
				0A6CBD4F2326DB1700E8DC51 /* Release */,
			);
			defaultConfigurationIsVisible = 0;
			defaultConfigurationName = Release;
		};
/* End XCConfigurationList section */
	};
	rootObject = 0A6CBD332326DB1300E8DC51 /* Project object */;
}
